PODS:
  - Flutter (1.0.0)
  - talkingdata_sdk_plugin (0.0.1):
    - Flutter

DEPENDENCIES:
  - Flutter (from `Flutter`)
  - talkingdata_sdk_plugin (from `.symlinks/plugins/talkingdata_sdk_plugin/ios`)

EXTERNAL SOURCES:
  Flutter:
    :path: Flutter
  talkingdata_sdk_plugin:
    :path: ".symlinks/plugins/talkingdata_sdk_plugin/ios"

SPEC CHECKSUMS:
  Flutter: 50d75fe2f02b26cc09d224853bb45737f8b3214a
  talkingdata_sdk_plugin: afe59648f75aa36bb694de23f991bc5971677703

PODFILE CHECKSUM: 8e679eca47255a8ca8067c4c67aab20e64cb974d

COCOAPODS: 1.11.3
